
Microsoft Visual Studio Solution File, Format Version 12.00
# Visual Studio Version 16
VisualStudioVersion = 16.0.29613.14
MinimumVisualStudioVersion = 10.0.40219.1
Project("{FAE04EC0-301F-11D3-BF4B-00C04F79EFBC}") = "GTAModChanger", "GTAModChanger\GTAModChanger.csproj", "{B6E30882-B65C-4F98-97D6-06A58C8DD3F3}"
EndProject
Global
	GlobalSection(SolutionConfigurationPlatforms) = preSolution
		Debug|Any CPU = Debug|Any CPU
		Release|Any CPU = Release|Any CPU
	EndGlobalSection
	GlobalSection(ProjectConfigurationPlatforms) = postSolution
		{B6E30882-B65C-4F98-97D6-06A58C8DD3F3}.Debug|Any CPU.ActiveCfg = Debug|Any CPU
		{B6E30882-B65C-4F98-97D6-06A58C8DD3F3}.Debug|Any CPU.Build.0 = Debug|Any CPU
		{B6E30882-B65C-4F98-97D6-06A58C8DD3F3}.Release|Any CPU.ActiveCfg = Release|Any CPU
		{B6E30882-B65C-4F98-97D6-06A58C8DD3F3}.Release|Any CPU.Build.0 = Release|Any CPU
	EndGlobalSection
	GlobalSection(SolutionProperties) = preSolution
		HideSolutionNode = FALSE
	EndGlobalSection
	GlobalSection(ExtensibilityGlobals) = postSolution
		SolutionGuid = {EE7D2A65-58C1-437D-8905-6FB6BFED7E9A}
	EndGlobalSection
EndGlobal
